// !$*UTF8*$!
{
	archiveVersion = 1;
	classes = {
	};
	objectVersion = 46;
	objects = {

/* Begin PBXBuildFile section */
		D3410C551D3713FC00DC9D06 /* AppDelegate.swift in Sources */ = {isa = PBXBuildFile; fileRef = D3410C541D3713FC00DC9D06 /* AppDelegate.swift */; };
		D3410C571D3713FC00DC9D06 /* ViewController.swift in Sources */ = {isa = PBXBuildFile; fileRef = D3410C561D3713FC00DC9D06 /* ViewController.swift */; };
		D3410C5A1D3713FC00DC9D06 /* Main.storyboard in Resources */ = {isa = PBXBuildFile; fileRef = D3410C581D3713FC00DC9D06 /* Main.storyboard */; };
		D3410C5C1D3713FC00DC9D06 /* Assets.xcassets in Resources */ = {isa = PBXBuildFile; fileRef = D3410C5B1D3713FC00DC9D06 /* Assets.xcassets */; };
		D3410C5F1D3713FC00DC9D06 /* LaunchScreen.storyboard in Resources */ = {isa = PBXBuildFile; fileRef = D3410C5D1D3713FC00DC9D06 /* LaunchScreen.storyboard */; };
		D3410C6A1D3713FC00DC9D06 /* prac2Tests.swift in Sources */ = {isa = PBXBuildFile; fileRef = D3410C691D3713FC00DC9D06 /* prac2Tests.swift */; };
		D3410C751D3713FC00DC9D06 /* prac2UITests.swift in Sources */ = {isa = PBXBuildFile; fileRef = D3410C741D3713FC00DC9D06 /* prac2UITests.swift */; };
/* End PBXBuildFile section */

/* Begin PBXContainerItemProxy section */
		D3410C661D3713FC00DC9D06 /* PBXContainerItemProxy */ = {
			isa = PBXContainerItemProxy;
			containerPortal = D3410C491D3713FB00DC9D06 /* Project object */;
			proxyType = 1;
			remoteGlobalIDString = D3410C501D3713FC00DC9D06;
			remoteInfo = prac2;
		};
		D3410C711D3713FC00DC9D06 /* PBXContainerItemProxy */ = {
			isa = PBXContainerItemProxy;
			containerPortal = D3410C491D3713FB00DC9D06 /* Project object */;
			proxyType = 1;
			remoteGlobalIDString = D3410C501D3713FC00DC9D06;
			remoteInfo = prac2;
		};
/* End PBXContainerItemProxy section */

/* Begin PBXFileReference section */
		D3410C511D3713FC00DC9D06 /* prac2.app */ = {isa = PBXFileReference; explicitFileType = wrapper.application; includeInIndex = 0; path = prac2.app; sourceTree = BUILT_PRODUCTS_DIR; };
		D3410C541D3713FC00DC9D06 /* AppDelegate.swift */ = {isa = PBXFileReference; lastKnownFileType = sourcecode.swift; path = AppDelegate.swift; sourceTree = "<group>"; };
		D3410C561D3713FC00DC9D06 /* ViewController.swift */ = {isa = PBXFileReference; lastKnownFileType = sourcecode.swift; path = ViewController.swift; sourceTree = "<group>"; };
		D3410C591D3713FC00DC9D06 /* Base */ = {isa = PBXFileReference; lastKnownFileType = file.storyboard; name = Base; path = Base.lproj/Main.storyboard; sourceTree = "<group>"; };
		D3410C5B1D3713FC00DC9D06 /* Assets.xcassets */ = {isa = PBXFileReference; lastKnownFileType = folder.assetcatalog; path = Assets.xcassets; sourceTree = "<group>"; };
		D3410C5E1D3713FC00DC9D06 /* Base */ = {isa = PBXFileReference; lastKnownFileType = file.storyboard; name = Base; path = Base.lproj/LaunchScreen.storyboard; sourceTree = "<group>"; };
		D3410C601D3713FC00DC9D06 /* Info.plist */ = {isa = PBXFileReference; lastKnownFileType = text.plist.xml; path = Info.plist; sourceTree = "<group>"; };
		D3410C651D3713FC00DC9D06 /* prac2Tests.xctest */ = {isa = PBXFileReference; explicitFileType = wrapper.cfbundle; includeInIndex = 0; path = prac2Tests.xctest; sourceTree = BUILT_PRODUCTS_DIR; };
		D3410C691D3713FC00DC9D06 /* prac2Tests.swift */ = {isa = PBXFileReference; lastKnownFileType = sourcecode.swift; path = prac2Tests.swift; sourceTree = "<group>"; };
		D3410C6B1D3713FC00DC9D06 /* Info.plist */ = {isa = PBXFileReference; lastKnownFileType = text.plist.xml; path = Info.plist; sourceTree = "<group>"; };
		D3410C701D3713FC00DC9D06 /* prac2UITests.xctest */ = {isa = PBXFileReference; explicitFileType = wrapper.cfbundle; includeInIndex = 0; path = prac2UITests.xctest; sourceTree = BUILT_PRODUCTS_DIR; };
		D3410C741D3713FC00DC9D06 /* prac2UITests.swift */ = {isa = PBXFileReference; lastKnownFileType = sourcecode.swift; path = prac2UITests.swift; sourceTree = "<group>"; };
		D3410C761D3713FC00DC9D06 /* Info.plist */ = {isa = PBXFileReference; lastKnownFileType = text.plist.xml; path = Info.plist; sourceTree = "<group>"; };
/* End PBXFileReference section */

/* Begin PBXFrameworksBuildPhase section */
		D3410C4E1D3713FC00DC9D06 /* Frameworks */ = {
			isa = PBXFrameworksBuildPhase;
			buildActionMask = 2147483647;
			files = (
			);
			runOnlyForDeploymentPostprocessing = 0;
		};
		D3410C621D3713FC00DC9D06 /* Frameworks */ = {
			isa = PBXFrameworksBuildPhase;
			buildActionMask = 2147483647;
			files = (
			);
			runOnlyForDeploymentPostprocessing = 0;
		};
		D3410C6D1D3713FC00DC9D06 /* Frameworks */ = {
			isa = PBXFrameworksBuildPhase;
			buildActionMask = 2147483647;
			files = (
			);
			runOnlyForDeploymentPostprocessing = 0;
		};
/* End PBXFrameworksBuildPhase section */

/* Begin PBXGroup section */
		D3410C481D3713FB00DC9D06 = {
			isa = PBXGroup;
			children = (
				D3410C531D3713FC00DC9D06 /* prac2 */,
				D3410C681D3713FC00DC9D06 /* prac2Tests */,
				D3410C731D3713FC00DC9D06 /* prac2UITests */,
				D3410C521D3713FC00DC9D06 /* Products */,
			);
			sourceTree = "<group>";
		};
		D3410C521D3713FC00DC9D06 /* Products */ = {
			isa = PBXGroup;
			children = (
				D3410C511D3713FC00DC9D06 /* prac2.app */,
				D3410C651D3713FC00DC9D06 /* prac2Tests.xctest */,
				D3410C701D3713FC00DC9D06 /* prac2UITests.xctest */,
			);
			name = Products;
			sourceTree = "<group>";
		};
		D3410C531D3713FC00DC9D06 /* prac2 */ = {
			isa = PBXGroup;
			children = (
				D3410C541D3713FC00DC9D06 /* AppDelegate.swift */,
				D3410C561D3713FC00DC9D06 /* ViewController.swift */,
				D3410C581D3713FC00DC9D06 /* Main.storyboard */,
				D3410C5B1D3713FC00DC9D06 /* Assets.xcassets */,
				D3410C5D1D3713FC00DC9D06 /* LaunchScreen.storyboard */,
				D3410C601D3713FC00DC9D06 /* Info.plist */,
			);
			path = prac2;
			sourceTree = "<group>";
		};
		D3410C681D3713FC00DC9D06 /* prac2Tests */ = {
			isa = PBXGroup;
			children = (
				D3410C691D3713FC00DC9D06 /* prac2Tests.swift */,
				D3410C6B1D3713FC00DC9D06 /* Info.plist */,
			);
			path = prac2Tests;
			sourceTree = "<group>";
		};
		D3410C731D3713FC00DC9D06 /* prac2UITests */ = {
			isa = PBXGroup;
			children = (
				D3410C741D3713FC00DC9D06 /* prac2UITests.swift */,
				D3410C761D3713FC00DC9D06 /* Info.plist */,
			);
			path = prac2UITests;
			sourceTree = "<group>";
		};
/* End PBXGroup section */

/* Begin PBXNativeTarget section */
		D3410C501D3713FC00DC9D06 /* prac2 */ = {
			isa = PBXNativeTarget;
			buildConfigurationList = D3410C791D3713FC00DC9D06 /* Build configuration list for PBXNativeTarget "prac2" */;
			buildPhases = (
				D3410C4D1D3713FC00DC9D06 /* Sources */,
				D3410C4E1D3713FC00DC9D06 /* Frameworks */,
				D3410C4F1D3713FC00DC9D06 /* Resources */,
			);
			buildRules = (
			);
			dependencies = (
			);
			name = prac2;
			productName = prac2;
			productReference = D3410C511D3713FC00DC9D06 /* prac2.app */;
			productType = "com.apple.product-type.application";
		};
		D3410C641D3713FC00DC9D06 /* prac2Tests */ = {
			isa = PBXNativeTarget;
			buildConfigurationList = D3410C7C1D3713FC00DC9D06 /* Build configuration list for PBXNativeTarget "prac2Tests" */;
			buildPhases = (
				D3410C611D3713FC00DC9D06 /* Sources */,
				D3410C621D3713FC00DC9D06 /* Frameworks */,
				D3410C631D3713FC00DC9D06 /* Resources */,
			);
			buildRules = (
			);
			dependencies = (
				D3410C671D3713FC00DC9D06 /* PBXTargetDependency */,
			);
			name = prac2Tests;
			productName = prac2Tests;
			productReference = D3410C651D3713FC00DC9D06 /* prac2Tests.xctest */;
			productType = "com.apple.product-type.bundle.unit-test";
		};
		D3410C6F1D3713FC00DC9D06 /* prac2UITests */ = {
			isa = PBXNativeTarget;
			buildConfigurationList = D3410C7F1D3713FC00DC9D06 /* Build configuration list for PBXNativeTarget "prac2UITests" */;
			buildPhases = (
				D3410C6C1D3713FC00DC9D06 /* Sources */,
				D3410C6D1D3713FC00DC9D06 /* Frameworks */,
				D3410C6E1D3713FC00DC9D06 /* Resources */,
			);
			buildRules = (
			);
			dependencies = (
				D3410C721D3713FC00DC9D06 /* PBXTargetDependency */,
			);
			name = prac2UITests;
			productName = prac2UITests;
			productReference = D3410C701D3713FC00DC9D06 /* prac2UITests.xctest */;
			productType = "com.apple.product-type.bundle.ui-testing";
		};
/* End PBXNativeTarget section */

/* Begin PBXProject section */
		D3410C491D3713FB00DC9D06 /* Project object */ = {
			isa = PBXProject;
			attributes = {
				LastSwiftUpdateCheck = 0730;
				LastUpgradeCheck = 0730;
				ORGANIZATIONNAME = abe;
				TargetAttributes = {
					D3410C501D3713FC00DC9D06 = {
						CreatedOnToolsVersion = 7.3.1;
					};
					D3410C641D3713FC00DC9D06 = {
						CreatedOnToolsVersion = 7.3.1;
						TestTargetID = D3410C501D3713FC00DC9D06;
					};
					D3410C6F1D3713FC00DC9D06 = {
						CreatedOnToolsVersion = 7.3.1;
						TestTargetID = D3410C501D3713FC00DC9D06;
					};
				};
			};
			buildConfigurationList = D3410C4C1D3713FB00DC9D06 /* Build configuration list for PBXProject "prac2" */;
			compatibilityVersion = "Xcode 3.2";
			developmentRegion = English;
			hasScannedForEncodings = 0;
			knownRegions = (
				en,
				Base,
			);
			mainGroup = D3410C481D3713FB00DC9D06;
			productRefGroup = D3410C521D3713FC00DC9D06 /* Products */;
			projectDirPath = "";
			projectRoot = "";
			targets = (
				D3410C501D3713FC00DC9D06 /* prac2 */,
				D3410C641D3713FC00DC9D06 /* prac2Tests */,
				D3410C6F1D3713FC00DC9D06 /* prac2UITests */,
			);
		};
/* End PBXProject section */

/* Begin PBXResourcesBuildPhase section */
		D3410C4F1D3713FC00DC9D06 /* Resources */ = {
			isa = PBXResourcesBuildPhase;
			buildActionMask = 2147483647;
			files = (
				D3410C5F1D3713FC00DC9D06 /* LaunchScreen.storyboard in Resources */,
				D3410C5C1D3713FC00DC9D06 /* Assets.xcassets in Resources */,
				D3410C5A1D3713FC00DC9D06 /* Main.storyboard in Resources */,
			);
			runOnlyForDeploymentPostprocessing = 0;
		};
		D3410C631D3713FC00DC9D06 /* Resources */ = {
			isa = PBXResourcesBuildPhase;
			buildActionMask = 2147483647;
			files = (
			);
			runOnlyForDeploymentPostprocessing = 0;
		};
		D3410C6E1D3713FC00DC9D06 /* Resources */ = {
			isa = PBXResourcesBuildPhase;
			buildActionMask = 2147483647;
			files = (
			);
			runOnlyForDeploymentPostprocessing = 0;
		};
/* End PBXResourcesBuildPhase section */

/* Begin PBXSourcesBuildPhase section */
		D3410C4D1D3713FC00DC9D06 /* Sources */ = {
			isa = PBXSourcesBuildPhase;
			buildActionMask = 2147483647;
			files = (
				D3410C571D3713FC00DC9D06 /* ViewController.swift in Sources */,
				D3410C551D3713FC00DC9D06 /* AppDelegate.swift in Sources */,
			);
			runOnlyForDeploymentPostprocessing = 0;
		};
		D3410C611D3713FC00DC9D06 /* Sources */ = {
			isa = PBXSourcesBuildPhase;
			buildActionMask = 2147483647;
			files = (
				D3410C6A1D3713FC00DC9D06 /* prac2Tests.swift in Sources */,
			);
			runOnlyForDeploymentPostprocessing = 0;
		};
		D3410C6C1D3713FC00DC9D06 /* Sources */ = {
			isa = PBXSourcesBuildPhase;
			buildActionMask = 2147483647;
			files = (
				D3410C751D3713FC00DC9D06 /* prac2UITests.swift in Sources */,
			);
			runOnlyForDeploymentPostprocessing = 0;
		};
/* End PBXSourcesBuildPhase section */

/* Begin PBXTargetDependency section */
		D3410C671D3713FC00DC9D06 /* PBXTargetDependency */ = {
			isa = PBXTargetDependency;
			target = D3410C501D3713FC00DC9D06 /* prac2 */;
			targetProxy = D3410C661D3713FC00DC9D06 /* PBXContainerItemProxy */;
		};
		D3410C721D3713FC00DC9D06 /* PBXTargetDependency */ = {
			isa = PBXTargetDependency;
			target = D3410C501D3713FC00DC9D06 /* prac2 */;
			targetProxy = D3410C711D3713FC00DC9D06 /* PBXContainerItemProxy */;
		};
/* End PBXTargetDependency section */

/* Begin PBXVariantGroup section */
		D3410C581D3713FC00DC9D06 /* Main.storyboard */ = {
			isa = PBXVariantGroup;
			children = (
				D3410C591D3713FC00DC9D06 /* Base */,
			);
			name = Main.storyboard;
			sourceTree = "<group>";
		};
		D3410C5D1D3713FC00DC9D06 /* LaunchScreen.storyboard */ = {
			isa = PBXVariantGroup;
			children = (
				D3410C5E1D3713FC00DC9D06 /* Base */,
			);
			name = LaunchScreen.storyboard;
			sourceTree = "<group>";
		};
/* End PBXVariantGroup section */

/* Begin XCBuildConfiguration section */
		D3410C771D3713FC00DC9D06 /* Debug */ = {
			isa = XCBuildConfiguration;
			buildSettings = {
				ALWAYS_SEARCH_USER_PATHS = NO;
				CLANG_ANALYZER_NONNULL = YES;
				CLANG_CXX_LANGUAGE_STANDARD = "gnu++0x";
				CLANG_CXX_LIBRARY = "libc++";
				CLANG_ENABLE_MODULES = YES;
				CLANG_ENABLE_OBJC_ARC = YES;
				CLANG_WARN_BOOL_CONVERSION = YES;
				CLANG_WARN_CONSTANT_CONVERSION = YES;
				CLANG_WARN_DIRECT_OBJC_ISA_USAGE = YES_ERROR;
				CLANG_WARN_EMPTY_BODY = YES;
				CLANG_WARN_ENUM_CONVERSION = YES;
				CLANG_WARN_INT_CONVERSION = YES;
				CLANG_WARN_OBJC_ROOT_CLASS = YES_ERROR;
				CLANG_WARN_UNREACHABLE_CODE = YES;
				CLANG_WARN__DUPLICATE_METHOD_MATCH = YES;
				"CODE_SIGN_IDENTITY[sdk=iphoneos*]" = "iPhone Developer";
				COPY_PHASE_STRIP = NO;
				DEBUG_INFORMATION_FORMAT = dwarf;
				ENABLE_STRICT_OBJC_MSGSEND = YES;
				ENABLE_TESTABILITY = YES;
				GCC_C_LANGUAGE_STANDARD = gnu99;
				GCC_DYNAMIC_NO_PIC = NO;
				GCC_NO_COMMON_BLOCKS = YES;
				GCC_OPTIMIZATION_LEVEL = 0;
				GCC_PREPROCESSOR_DEFINITIONS = (
					"DEBUG=1",
					"$(inherited)",
				);
				GCC_WARN_64_TO_32_BIT_CONVERSION = YES;
				GCC_WARN_ABOUT_RETURN_TYPE = YES_ERROR;
				GCC_WARN_UNDECLARED_SELECTOR = YES;
				GCC_WARN_UNINITIALIZED_AUTOS = YES_AGGRESSIVE;
				GCC_WARN_UNUSED_FUNCTION = YES;
				GCC_WARN_UNUSED_VARIABLE = YES;
				IPHONEOS_DEPLOYMENT_TARGET = 9.3;
				MTL_ENABLE_DEBUG_INFO = YES;
				ONLY_ACTIVE_ARCH = YES;
				SDKROOT = iphoneos;
				SWIFT_OPTIMIZATION_LEVEL = "-Onone";
			};
			name = Debug;
		};
		D3410C781D3713FC00DC9D06 /* Release */ = {
			isa = XCBuildConfiguration;
			buildSettings = {
				ALWAYS_SEARCH_USER_PATHS = NO;
				CLANG_ANALYZER_NONNULL = YES;
				CLANG_CXX_LANGUAGE_STANDARD = "gnu++0x";
				CLANG_CXX_LIBRARY = "libc++";
				CLANG_ENABLE_MODULES = YES;
				CLANG_ENABLE_OBJC_ARC = YES;
				CLANG_WARN_BOOL_CONVERSION = YES;
				CLANG_WARN_CONSTANT_CONVERSION = YES;
				CLANG_WARN_DIRECT_OBJC_ISA_USAGE = YES_ERROR;
				CLANG_WARN_EMPTY_BODY = YES;
				CLANG_WARN_ENUM_CONVERSION = YES;
				CLANG_WARN_INT_CONVERSION = YES;
				CLANG_WARN_OBJC_ROOT_CLASS = YES_ERROR;
				CLANG_WARN_UNREACHABLE_CODE = YES;
				CLANG_WARN__DUPLICATE_METHOD_MATCH = YES;
				"CODE_SIGN_IDENTITY[sdk=iphoneos*]" = "iPhone Developer";
				COPY_PHASE_STRIP = NO;
				DEBUG_INFORMATION_FORMAT = "dwarf-with-dsym";
				ENABLE_NS_ASSERTIONS = NO;
				ENABLE_STRICT_OBJC_MSGSEND = YES;
				GCC_C_LANGUAGE_STANDARD = gnu99;
				GCC_NO_COMMON_BLOCKS = YES;
				GCC_WARN_64_TO_32_BIT_CONVERSION = YES;
				GCC_WARN_ABOUT_RETURN_TYPE = YES_ERROR;
				GCC_WARN_UNDECLARED_SELECTOR = YES;
				GCC_WARN_UNINITIALIZED_AUTOS = YES_AGGRESSIVE;
				GCC_WARN_UNUSED_FUNCTION = YES;
				GCC_WARN_UNUSED_VARIABLE = YES;
				IPHONEOS_DEPLOYMENT_TARGET = 9.3;
				MTL_ENABLE_DEBUG_INFO = NO;
				SDKROOT = iphoneos;
				VALIDATE_PRODUCT = YES;
			};
			name = Release;
		};
		D3410C7A1D3713FC00DC9D06 /* Debug */ = {
			isa = XCBuildConfiguration;
			buildSettings = {
				ASSETCATALOG_COMPILER_APPICON_NAME = AppIcon;
				INFOPLIST_FILE = prac2/Info.plist;
				LD_RUNPATH_SEARCH_PATHS = "$(inherited) @executable_path/Frameworks";
				PRODUCT_BUNDLE_IDENTIFIER = jp.co.excitesoftware.prac2;
				PRODUCT_NAME = "$(TARGET_NAME)";
			};
			name = Debug;
		};
		D3410C7B1D3713FC00DC9D06 /* Release */ = {
			isa = XCBuildConfiguration;
			buildSettings = {
				ASSETCATALOG_COMPILER_APPICON_NAME = AppIcon;
				INFOPLIST_FILE = prac2/Info.plist;
				LD_RUNPATH_SEARCH_PATHS = "$(inherited) @executable_path/Frameworks";
				PRODUCT_BUNDLE_IDENTIFIER = jp.co.excitesoftware.prac2;
				PRODUCT_NAME = "$(TARGET_NAME)";
			};
			name = Release;
		};
		D3410C7D1D3713FC00DC9D06 /* Debug */ = {
			isa = XCBuildConfiguration;
			buildSettings = {
				BUNDLE_LOADER = "$(TEST_HOST)";
				INFOPLIST_FILE = prac2Tests/Info.plist;
				LD_RUNPATH_SEARCH_PATHS = "$(inherited) @executable_path/Frameworks @loader_path/Frameworks";
				PRODUCT_BUNDLE_IDENTIFIER = jp.co.excitesoftware.prac2Tests;
				PRODUCT_NAME = "$(TARGET_NAME)";
				TEST_HOST = "$(BUILT_PRODUCTS_DIR)/prac2.app/prac2";
			};
			name = Debug;
		};
		D3410C7E1D3713FC00DC9D06 /* Release */ = {
			isa = XCBuildConfiguration;
			buildSettings = {
				BUNDLE_LOADER = "$(TEST_HOST)";
				INFOPLIST_FILE = prac2Tests/Info.plist;
				LD_RUNPATH_SEARCH_PATHS = "$(inherited) @executable_path/Frameworks @loader_path/Frameworks";
				PRODUCT_BUNDLE_IDENTIFIER = jp.co.excitesoftware.prac2Tests;
				PRODUCT_NAME = "$(TARGET_NAME)";
				TEST_HOST = "$(BUILT_PRODUCTS_DIR)/prac2.app/prac2";
			};
			name = Release;
		};
		D3410C801D3713FC00DC9D06 /* Debug */ = {
			isa = XCBuildConfiguration;
			buildSettings = {
				INFOPLIST_FILE = prac2UITests/Info.plist;
				LD_RUNPATH_SEARCH_PATHS = "$(inherited) @executable_path/Frameworks @loader_path/Frameworks";
				PRODUCT_BUNDLE_IDENTIFIER = jp.co.excitesoftware.prac2UITests;
				PRODUCT_NAME = "$(TARGET_NAME)";
				TEST_TARGET_NAME = prac2;
			};
			name = Debug;
		};
		D3410C811D3713FC00DC9D06 /* Release */ = {
			isa = XCBuildConfiguration;
			buildSettings = {
				INFOPLIST_FILE = prac2UITests/Info.plist;
				LD_RUNPATH_SEARCH_PATHS = "$(inherited) @executable_path/Frameworks @loader_path/Frameworks";
				PRODUCT_BUNDLE_IDENTIFIER = jp.co.excitesoftware.prac2UITests;
				PRODUCT_NAME = "$(TARGET_NAME)";
				TEST_TARGET_NAME = prac2;
			};
			name = Release;
		};
/* End XCBuildConfiguration section */

/* Begin XCConfigurationList section */
		D3410C4C1D3713FB00DC9D06 /* Build configuration list for PBXProject "prac2" */ = {
			isa = XCConfigurationList;
			buildConfigurations = (
				D3410C771D3713FC00DC9D06 /* Debug */,
				D3410C781D3713FC00DC9D06 /* Release */,
			);
			defaultConfigurationIsVisible = 0;
			defaultConfigurationName = Release;
		};
		D3410C791D3713FC00DC9D06 /* Build configuration list for PBXNativeTarget "prac2" */ = {
			isa = XCConfigurationList;
			buildConfigurations = (
				D3410C7A1D3713FC00DC9D06 /* Debug */,
				D3410C7B1D3713FC00DC9D06 /* Release */,
			);
			defaultConfigurationIsVisible = 0;
		};
		D3410C7C1D3713FC00DC9D06 /* Build configuration list for PBXNativeTarget "prac2Tests" */ = {
			isa = XCConfigurationList;
			buildConfigurations = (
				D3410C7D1D3713FC00DC9D06 /* Debug */,
				D3410C7E1D3713FC00DC9D06 /* Release */,
			);
			defaultConfigurationIsVisible = 0;
		};
		D3410C7F1D3713FC00DC9D06 /* Build configuration list for PBXNativeTarget "prac2UITests" */ = {
			isa = XCConfigurationList;
			buildConfigurations = (
				D3410C801D3713FC00DC9D06 /* Debug */,
				D3410C811D3713FC00DC9D06 /* Release */,
			);
			defaultConfigurationIsVisible = 0;
		};
/* End XCConfigurationList section */
	};
	rootObject = D3410C491D3713FB00DC9D06 /* Project object */;
}
